
Microsoft Visual Studio Solution File, Format Version 12.00
# Visual Studio Version 16
VisualStudioVersion = 16.0.32228.343
MinimumVisualStudioVersion = 10.0.40219.1
Project("{FAE04EC0-301F-11D3-BF4B-00C04F79EFBC}") = "Kurs_DesignPattern_Laboration_1_Implementera", "Kurs_DesignPattern_Laboration_1_Implementera\Kurs_DesignPattern_Laboration_1_Implementera.csproj", "{8D564F1F-0AF7-4395-8DC2-4EA9D46C01F4}"
EndProject
Project("{FAE04EC0-301F-11D3-BF4B-00C04F79EFBC}") = "FactoryMethod", "FactoryMethod\FactoryMethod.csproj", "{230791DA-FC75-49CB-990A-0BE80459D21C}"
EndProject
Project("{FAE04EC0-301F-11D3-BF4B-00C04F79EFBC}") = "Singleton", "Singleton\Singleton.csproj", "{F473DCA2-CEB5-4CA8-BE15-B4B045962BD3}"
EndProject
Project("{FAE04EC0-301F-11D3-BF4B-00C04F79EFBC}") = "Strategy", "Strategy\Strategy.csproj", "{9603FA80-3C27-42E2-AF33-59474A845F19}"
EndProject
Global
	GlobalSection(SolutionConfigurationPlatforms) = preSolution
		Debug|Any CPU = Debug|Any CPU
		Release|Any CPU = Release|Any CPU
	EndGlobalSection
	GlobalSection(ProjectConfigurationPlatforms) = postSolution
		{8D564F1F-0AF7-4395-8DC2-4EA9D46C01F4}.Debug|Any CPU.ActiveCfg = Debug|Any CPU
		{8D564F1F-0AF7-4395-8DC2-4EA9D46C01F4}.Debug|Any CPU.Build.0 = Debug|Any CPU
		{8D564F1F-0AF7-4395-8DC2-4EA9D46C01F4}.Release|Any CPU.ActiveCfg = Release|Any CPU
		{8D564F1F-0AF7-4395-8DC2-4EA9D46C01F4}.Release|Any CPU.Build.0 = Release|Any CPU
		{230791DA-FC75-49CB-990A-0BE80459D21C}.Debug|Any CPU.ActiveCfg = Debug|Any CPU
		{230791DA-FC75-49CB-990A-0BE80459D21C}.Debug|Any CPU.Build.0 = Debug|Any CPU
		{230791DA-FC75-49CB-990A-0BE80459D21C}.Release|Any CPU.ActiveCfg = Release|Any CPU
		{230791DA-FC75-49CB-990A-0BE80459D21C}.Release|Any CPU.Build.0 = Release|Any CPU
		{F473DCA2-CEB5-4CA8-BE15-B4B045962BD3}.Debug|Any CPU.ActiveCfg = Debug|Any CPU
		{F473DCA2-CEB5-4CA8-BE15-B4B045962BD3}.Debug|Any CPU.Build.0 = Debug|Any CPU
		{F473DCA2-CEB5-4CA8-BE15-B4B045962BD3}.Release|Any CPU.ActiveCfg = Release|Any CPU
		{F473DCA2-CEB5-4CA8-BE15-B4B045962BD3}.Release|Any CPU.Build.0 = Release|Any CPU
		{9603FA80-3C27-42E2-AF33-59474A845F19}.Debug|Any CPU.ActiveCfg = Debug|Any CPU
		{9603FA80-3C27-42E2-AF33-59474A845F19}.Debug|Any CPU.Build.0 = Debug|Any CPU
		{9603FA80-3C27-42E2-AF33-59474A845F19}.Release|Any CPU.ActiveCfg = Release|Any CPU
		{9603FA80-3C27-42E2-AF33-59474A845F19}.Release|Any CPU.Build.0 = Release|Any CPU
	EndGlobalSection
	GlobalSection(SolutionProperties) = preSolution
		HideSolutionNode = FALSE
	EndGlobalSection
	GlobalSection(ExtensibilityGlobals) = postSolution
		SolutionGuid = {7CDF0257-96B7-4DF3-AEC5-24B3159CCEE0}
	EndGlobalSection
EndGlobal
